// !$*UTF8*$!
{
	archiveVersion = 1;
	classes = {
	};
	objectVersion = 50;
	objects = {

/* Begin PBXBuildFile section */
		46008715272421CE00A7C565 /* SampleTest.swift in Sources */ = {isa = PBXBuildFile; fileRef = 46008714272421CE00A7C565 /* SampleTest.swift */; };
		460AFD4727226913007B8788 /* .swiftlint.yml in Resources */ = {isa = PBXBuildFile; fileRef = 460AFD4627226913007B8788 /* .swiftlint.yml */; };
		46CD9D2727224A7900380E4F /* Pokemon.swift in Sources */ = {isa = PBXBuildFile; fileRef = 46CD9D2627224A7900380E4F /* Pokemon.swift */; };
		46CD9D2927224AFA00380E4F /* PokemonType.swift in Sources */ = {isa = PBXBuildFile; fileRef = 46CD9D2827224AFA00380E4F /* PokemonType.swift */; };
		46CD9D2C27224BDD00380E4F /* AttackerPokemon.swift in Sources */ = {isa = PBXBuildFile; fileRef = 46CD9D2B27224BDD00380E4F /* AttackerPokemon.swift */; };
		46CD9D2E27224CDF00380E4F /* SpeedsterPokemon.swift in Sources */ = {isa = PBXBuildFile; fileRef = 46CD9D2D27224CDF00380E4F /* SpeedsterPokemon.swift */; };
		46CD9D3027224DC100380E4F /* AllRounderPokemon.swift in Sources */ = {isa = PBXBuildFile; fileRef = 46CD9D2F27224DC100380E4F /* AllRounderPokemon.swift */; };
		46CD9D3227224E3200380E4F /* DefenderPokemon.swift in Sources */ = {isa = PBXBuildFile; fileRef = 46CD9D3127224E3200380E4F /* DefenderPokemon.swift */; };
		46CD9D3427224EB700380E4F /* SupporterPokemon.swift in Sources */ = {isa = PBXBuildFile; fileRef = 46CD9D3327224EB700380E4F /* SupporterPokemon.swift */; };
		46CD9D3627224F3D00380E4F /* AllPokemon.swift in Sources */ = {isa = PBXBuildFile; fileRef = 46CD9D3527224F3D00380E4F /* AllPokemon.swift */; };
		46CD9D392722525400380E4F /* PokemonCell.swift in Sources */ = {isa = PBXBuildFile; fileRef = 46CD9D372722525400380E4F /* PokemonCell.swift */; };
		46CD9D3F272263A300380E4F /* PokemonTest.swift in Sources */ = {isa = PBXBuildFile; fileRef = 46CD9D3E272263A300380E4F /* PokemonTest.swift */; };
		46D0E90E271D6CC00042446C /* AppDelegate.swift in Sources */ = {isa = PBXBuildFile; fileRef = 46D0E90D271D6CC00042446C /* AppDelegate.swift */; };
		46D0E910271D6CC00042446C /* SceneDelegate.swift in Sources */ = {isa = PBXBuildFile; fileRef = 46D0E90F271D6CC00042446C /* SceneDelegate.swift */; };
		46D0E912271D6CC00042446C /* ViewController.swift in Sources */ = {isa = PBXBuildFile; fileRef = 46D0E911271D6CC00042446C /* ViewController.swift */; };
		46D0E915271D6CC00042446C /* Main.storyboard in Resources */ = {isa = PBXBuildFile; fileRef = 46D0E913271D6CC00042446C /* Main.storyboard */; };
		46D0E917271D6CC10042446C /* Assets.xcassets in Resources */ = {isa = PBXBuildFile; fileRef = 46D0E916271D6CC10042446C /* Assets.xcassets */; };
		46D0E91A271D6CC10042446C /* LaunchScreen.storyboard in Resources */ = {isa = PBXBuildFile; fileRef = 46D0E918271D6CC10042446C /* LaunchScreen.storyboard */; };
		46D0E930271D6CC20042446C /* SwiftlintDangerSampleUITests.swift in Sources */ = {isa = PBXBuildFile; fileRef = 46D0E92F271D6CC20042446C /* SwiftlintDangerSampleUITests.swift */; };
/* End PBXBuildFile section */

/* Begin PBXContainerItemProxy section */
		46D0E921271D6CC20042446C /* PBXContainerItemProxy */ = {
			isa = PBXContainerItemProxy;
			containerPortal = 46D0E902271D6CC00042446C /* Project object */;
			proxyType = 1;
			remoteGlobalIDString = 46D0E909271D6CC00042446C;
			remoteInfo = SwiftlintDangerSample;
		};
		46D0E92C271D6CC20042446C /* PBXContainerItemProxy */ = {
			isa = PBXContainerItemProxy;
			containerPortal = 46D0E902271D6CC00042446C /* Project object */;
			proxyType = 1;
			remoteGlobalIDString = 46D0E909271D6CC00042446C;
			remoteInfo = SwiftlintDangerSample;
		};
/* End PBXContainerItemProxy section */

/* Begin PBXFileReference section */
		46008714272421CE00A7C565 /* SampleTest.swift */ = {isa = PBXFileReference; lastKnownFileType = sourcecode.swift; path = SampleTest.swift; sourceTree = "<group>"; };
		460AFD4627226913007B8788 /* .swiftlint.yml */ = {isa = PBXFileReference; lastKnownFileType = text.yaml; path = .swiftlint.yml; sourceTree = "<group>"; };
		46CD9D2627224A7900380E4F /* Pokemon.swift */ = {isa = PBXFileReference; lastKnownFileType = sourcecode.swift; path = Pokemon.swift; sourceTree = "<group>"; };
		46CD9D2827224AFA00380E4F /* PokemonType.swift */ = {isa = PBXFileReference; lastKnownFileType = sourcecode.swift; path = PokemonType.swift; sourceTree = "<group>"; };
		46CD9D2B27224BDD00380E4F /* AttackerPokemon.swift */ = {isa = PBXFileReference; lastKnownFileType = sourcecode.swift; path = AttackerPokemon.swift; sourceTree = "<group>"; };
		46CD9D2D27224CDF00380E4F /* SpeedsterPokemon.swift */ = {isa = PBXFileReference; lastKnownFileType = sourcecode.swift; path = SpeedsterPokemon.swift; sourceTree = "<group>"; };
		46CD9D2F27224DC100380E4F /* AllRounderPokemon.swift */ = {isa = PBXFileReference; lastKnownFileType = sourcecode.swift; path = AllRounderPokemon.swift; sourceTree = "<group>"; };
		46CD9D3127224E3200380E4F /* DefenderPokemon.swift */ = {isa = PBXFileReference; lastKnownFileType = sourcecode.swift; path = DefenderPokemon.swift; sourceTree = "<group>"; };
		46CD9D3327224EB700380E4F /* SupporterPokemon.swift */ = {isa = PBXFileReference; lastKnownFileType = sourcecode.swift; path = SupporterPokemon.swift; sourceTree = "<group>"; };
		46CD9D3527224F3D00380E4F /* AllPokemon.swift */ = {isa = PBXFileReference; lastKnownFileType = sourcecode.swift; path = AllPokemon.swift; sourceTree = "<group>"; };
		46CD9D372722525400380E4F /* PokemonCell.swift */ = {isa = PBXFileReference; lastKnownFileType = sourcecode.swift; path = PokemonCell.swift; sourceTree = "<group>"; };
		46CD9D3E272263A300380E4F /* PokemonTest.swift */ = {isa = PBXFileReference; lastKnownFileType = sourcecode.swift; path = PokemonTest.swift; sourceTree = "<group>"; };
		46D0E90A271D6CC00042446C /* SwiftlintDangerSample.app */ = {isa = PBXFileReference; explicitFileType = wrapper.application; includeInIndex = 0; path = SwiftlintDangerSample.app; sourceTree = BUILT_PRODUCTS_DIR; };
		46D0E90D271D6CC00042446C /* AppDelegate.swift */ = {isa = PBXFileReference; lastKnownFileType = sourcecode.swift; path = AppDelegate.swift; sourceTree = "<group>"; };
		46D0E90F271D6CC00042446C /* SceneDelegate.swift */ = {isa = PBXFileReference; lastKnownFileType = sourcecode.swift; path = SceneDelegate.swift; sourceTree = "<group>"; };
		46D0E911271D6CC00042446C /* ViewController.swift */ = {isa = PBXFileReference; lastKnownFileType = sourcecode.swift; path = ViewController.swift; sourceTree = "<group>"; };
		46D0E914271D6CC00042446C /* Base */ = {isa = PBXFileReference; lastKnownFileType = file.storyboard; name = Base; path = Base.lproj/Main.storyboard; sourceTree = "<group>"; };
		46D0E916271D6CC10042446C /* Assets.xcassets */ = {isa = PBXFileReference; lastKnownFileType = folder.assetcatalog; path = Assets.xcassets; sourceTree = "<group>"; };
		46D0E919271D6CC10042446C /* Base */ = {isa = PBXFileReference; lastKnownFileType = file.storyboard; name = Base; path = Base.lproj/LaunchScreen.storyboard; sourceTree = "<group>"; };
		46D0E91B271D6CC10042446C /* Info.plist */ = {isa = PBXFileReference; lastKnownFileType = text.plist.xml; path = Info.plist; sourceTree = "<group>"; };
		46D0E920271D6CC20042446C /* SwiftlintDangerSampleTests.xctest */ = {isa = PBXFileReference; explicitFileType = wrapper.cfbundle; includeInIndex = 0; path = SwiftlintDangerSampleTests.xctest; sourceTree = BUILT_PRODUCTS_DIR; };
		46D0E926271D6CC20042446C /* Info.plist */ = {isa = PBXFileReference; lastKnownFileType = text.plist.xml; path = Info.plist; sourceTree = "<group>"; };
		46D0E92B271D6CC20042446C /* SwiftlintDangerSampleUITests.xctest */ = {isa = PBXFileReference; explicitFileType = wrapper.cfbundle; includeInIndex = 0; path = SwiftlintDangerSampleUITests.xctest; sourceTree = BUILT_PRODUCTS_DIR; };
		46D0E92F271D6CC20042446C /* SwiftlintDangerSampleUITests.swift */ = {isa = PBXFileReference; lastKnownFileType = sourcecode.swift; path = SwiftlintDangerSampleUITests.swift; sourceTree = "<group>"; };
		46D0E931271D6CC20042446C /* Info.plist */ = {isa = PBXFileReference; lastKnownFileType = text.plist.xml; path = Info.plist; sourceTree = "<group>"; };
/* End PBXFileReference section */

/* Begin PBXFrameworksBuildPhase section */
		46D0E907271D6CC00042446C /* Frameworks */ = {
			isa = PBXFrameworksBuildPhase;
			buildActionMask = 2147483647;
			files = (
			);
			runOnlyForDeploymentPostprocessing = 0;
		};
		46D0E91D271D6CC20042446C /* Frameworks */ = {
			isa = PBXFrameworksBuildPhase;
			buildActionMask = 2147483647;
			files = (
			);
			runOnlyForDeploymentPostprocessing = 0;
		};
		46D0E928271D6CC20042446C /* Frameworks */ = {
			isa = PBXFrameworksBuildPhase;
			buildActionMask = 2147483647;
			files = (
			);
			runOnlyForDeploymentPostprocessing = 0;
		};
/* End PBXFrameworksBuildPhase section */

/* Begin PBXGroup section */
		46702332271E5E290013509B /* App */ = {
			isa = PBXGroup;
			children = (
				46D0E90D271D6CC00042446C /* AppDelegate.swift */,
				46D0E90F271D6CC00042446C /* SceneDelegate.swift */,
			);
			path = App;
			sourceTree = "<group>";
		};
		46702334271EAABD0013509B /* Views */ = {
			isa = PBXGroup;
			children = (
				46D0E911271D6CC00042446C /* ViewController.swift */,
				46D0E913271D6CC00042446C /* Main.storyboard */,
				46D0E918271D6CC10042446C /* LaunchScreen.storyboard */,
				46CD9D372722525400380E4F /* PokemonCell.swift */,
			);
			path = Views;
			sourceTree = "<group>";
		};
		46702335271EAB6D0013509B /* SupportingFiles */ = {
			isa = PBXGroup;
			children = (
				46D0E916271D6CC10042446C /* Assets.xcassets */,
				46D0E91B271D6CC10042446C /* Info.plist */,
			);
			path = SupportingFiles;
			sourceTree = "<group>";
		};
		46CD9D2527224A6200380E4F /* Model */ = {
			isa = PBXGroup;
			children = (
				46CD9D2627224A7900380E4F /* Pokemon.swift */,
				46CD9D2827224AFA00380E4F /* PokemonType.swift */,
			);
			path = Model;
			sourceTree = "<group>";
		};
		46CD9D2A27224BA000380E4F /* Data */ = {
			isa = PBXGroup;
			children = (
				46CD9D2B27224BDD00380E4F /* AttackerPokemon.swift */,
				46CD9D2D27224CDF00380E4F /* SpeedsterPokemon.swift */,
				46CD9D2F27224DC100380E4F /* AllRounderPokemon.swift */,
				46CD9D3127224E3200380E4F /* DefenderPokemon.swift */,
				46CD9D3327224EB700380E4F /* SupporterPokemon.swift */,
				46CD9D3527224F3D00380E4F /* AllPokemon.swift */,
			);
			path = Data;
			sourceTree = "<group>";
		};
		46D0E901271D6CC00042446C = {
			isa = PBXGroup;
			children = (
				460AFD4627226913007B8788 /* .swiftlint.yml */,
				46D0E90C271D6CC00042446C /* SwiftlintDangerSample */,
				46D0E923271D6CC20042446C /* SwiftlintDangerSampleTests */,
				46D0E92E271D6CC20042446C /* SwiftlintDangerSampleUITests */,
				46D0E90B271D6CC00042446C /* Products */,
			);
			sourceTree = "<group>";
		};
		46D0E90B271D6CC00042446C /* Products */ = {
			isa = PBXGroup;
			children = (
				46D0E90A271D6CC00042446C /* SwiftlintDangerSample.app */,
				46D0E920271D6CC20042446C /* SwiftlintDangerSampleTests.xctest */,
				46D0E92B271D6CC20042446C /* SwiftlintDangerSampleUITests.xctest */,
			);
			name = Products;
			sourceTree = "<group>";
		};
		46D0E90C271D6CC00042446C /* SwiftlintDangerSample */ = {
			isa = PBXGroup;
			children = (
				46702332271E5E290013509B /* App */,
				46CD9D2A27224BA000380E4F /* Data */,
				46CD9D2527224A6200380E4F /* Model */,
				46702335271EAB6D0013509B /* SupportingFiles */,
				46702334271EAABD0013509B /* Views */,
			);
			path = SwiftlintDangerSample;
			sourceTree = "<group>";
		};
		46D0E923271D6CC20042446C /* SwiftlintDangerSampleTests */ = {
			isa = PBXGroup;
			children = (
				46D0E926271D6CC20042446C /* Info.plist */,
				46CD9D3E272263A300380E4F /* PokemonTest.swift */,
				46008714272421CE00A7C565 /* SampleTest.swift */,
			);
			path = SwiftlintDangerSampleTests;
			sourceTree = "<group>";
		};
		46D0E92E271D6CC20042446C /* SwiftlintDangerSampleUITests */ = {
			isa = PBXGroup;
			children = (
				46D0E92F271D6CC20042446C /* SwiftlintDangerSampleUITests.swift */,
				46D0E931271D6CC20042446C /* Info.plist */,
			);
			path = SwiftlintDangerSampleUITests;
			sourceTree = "<group>";
		};
/* End PBXGroup section */

/* Begin PBXNativeTarget section */
		46D0E909271D6CC00042446C /* SwiftlintDangerSample */ = {
			isa = PBXNativeTarget;
			buildConfigurationList = 46D0E934271D6CC20042446C /* Build configuration list for PBXNativeTarget "SwiftlintDangerSample" */;
			buildPhases = (
				46D0E906271D6CC00042446C /* Sources */,
				46D0E907271D6CC00042446C /* Frameworks */,
				46D0E908271D6CC00042446C /* Resources */,
				460AFD45272268D9007B8788 /* Swiftlint */,
			);
			buildRules = (
			);
			dependencies = (
			);
			name = SwiftlintDangerSample;
			productName = SwiftlintDangerSample;
			productReference = 46D0E90A271D6CC00042446C /* SwiftlintDangerSample.app */;
			productType = "com.apple.product-type.application";
		};
		46D0E91F271D6CC20042446C /* SwiftlintDangerSampleTests */ = {
			isa = PBXNativeTarget;
			buildConfigurationList = 46D0E937271D6CC20042446C /* Build configuration list for PBXNativeTarget "SwiftlintDangerSampleTests" */;
			buildPhases = (
				46D0E91C271D6CC20042446C /* Sources */,
				46D0E91D271D6CC20042446C /* Frameworks */,
				46D0E91E271D6CC20042446C /* Resources */,
			);
			buildRules = (
			);
			dependencies = (
				46D0E922271D6CC20042446C /* PBXTargetDependency */,
			);
			name = SwiftlintDangerSampleTests;
			productName = SwiftlintDangerSampleTests;
			productReference = 46D0E920271D6CC20042446C /* SwiftlintDangerSampleTests.xctest */;
			productType = "com.apple.product-type.bundle.unit-test";
		};
		46D0E92A271D6CC20042446C /* SwiftlintDangerSampleUITests */ = {
			isa = PBXNativeTarget;
			buildConfigurationList = 46D0E93A271D6CC20042446C /* Build configuration list for PBXNativeTarget "SwiftlintDangerSampleUITests" */;
			buildPhases = (
				46D0E927271D6CC20042446C /* Sources */,
				46D0E928271D6CC20042446C /* Frameworks */,
				46D0E929271D6CC20042446C /* Resources */,
			);
			buildRules = (
			);
			dependencies = (
				46D0E92D271D6CC20042446C /* PBXTargetDependency */,
			);
			name = SwiftlintDangerSampleUITests;
			productName = SwiftlintDangerSampleUITests;
			productReference = 46D0E92B271D6CC20042446C /* SwiftlintDangerSampleUITests.xctest */;
			productType = "com.apple.product-type.bundle.ui-testing";
		};
/* End PBXNativeTarget section */

/* Begin PBXProject section */
		46D0E902271D6CC00042446C /* Project object */ = {
			isa = PBXProject;
			attributes = {
				LastSwiftUpdateCheck = 1250;
				LastUpgradeCheck = 1250;
				TargetAttributes = {
					46D0E909271D6CC00042446C = {
						CreatedOnToolsVersion = 12.5;
					};
					46D0E91F271D6CC20042446C = {
						CreatedOnToolsVersion = 12.5;
						TestTargetID = 46D0E909271D6CC00042446C;
					};
					46D0E92A271D6CC20042446C = {
						CreatedOnToolsVersion = 12.5;
						TestTargetID = 46D0E909271D6CC00042446C;
					};
				};
			};
			buildConfigurationList = 46D0E905271D6CC00042446C /* Build configuration list for PBXProject "SwiftlintDangerSample" */;
			compatibilityVersion = "Xcode 9.3";
			developmentRegion = en;
			hasScannedForEncodings = 0;
			knownRegions = (
				en,
				Base,
			);
			mainGroup = 46D0E901271D6CC00042446C;
			productRefGroup = 46D0E90B271D6CC00042446C /* Products */;
			projectDirPath = "";
			projectRoot = "";
			targets = (
				46D0E909271D6CC00042446C /* SwiftlintDangerSample */,
				46D0E91F271D6CC20042446C /* SwiftlintDangerSampleTests */,
				46D0E92A271D6CC20042446C /* SwiftlintDangerSampleUITests */,
			);
		};
/* End PBXProject section */

/* Begin PBXResourcesBuildPhase section */
		46D0E908271D6CC00042446C /* Resources */ = {
			isa = PBXResourcesBuildPhase;
			buildActionMask = 2147483647;
			files = (
				460AFD4727226913007B8788 /* .swiftlint.yml in Resources */,
				46D0E91A271D6CC10042446C /* LaunchScreen.storyboard in Resources */,
				46D0E917271D6CC10042446C /* Assets.xcassets in Resources */,
				46D0E915271D6CC00042446C /* Main.storyboard in Resources */,
			);
			runOnlyForDeploymentPostprocessing = 0;
		};
		46D0E91E271D6CC20042446C /* Resources */ = {
			isa = PBXResourcesBuildPhase;
			buildActionMask = 2147483647;
			files = (
			);
			runOnlyForDeploymentPostprocessing = 0;
		};
		46D0E929271D6CC20042446C /* Resources */ = {
			isa = PBXResourcesBuildPhase;
			buildActionMask = 2147483647;
			files = (
			);
			runOnlyForDeploymentPostprocessing = 0;
		};
/* End PBXResourcesBuildPhase section */

/* Begin PBXShellScriptBuildPhase section */
		460AFD45272268D9007B8788 /* Swiftlint */ = {
			isa = PBXShellScriptBuildPhase;
			buildActionMask = 2147483647;
			files = (
			);
			inputFileListPaths = (
			);
			inputPaths = (
			);
			name = Swiftlint;
			outputFileListPaths = (
			);
			outputPaths = (
			);
			runOnlyForDeploymentPostprocessing = 0;
			shellPath = /bin/sh;
			shellScript = "if which swiftlint >/dev/null; then\n  swiftlint\nelse\n  echo \"warning: SwiftLint not installed, download from https://github.com/realm/SwiftLint\"\nfi\n";
		};
/* End PBXShellScriptBuildPhase section */

/* Begin PBXSourcesBuildPhase section */
		46D0E906271D6CC00042446C /* Sources */ = {
			isa = PBXSourcesBuildPhase;
			buildActionMask = 2147483647;
			files = (
				46CD9D2C27224BDD00380E4F /* AttackerPokemon.swift in Sources */,
				46CD9D3627224F3D00380E4F /* AllPokemon.swift in Sources */,
				46D0E912271D6CC00042446C /* ViewController.swift in Sources */,
				46CD9D3427224EB700380E4F /* SupporterPokemon.swift in Sources */,
				46CD9D2727224A7900380E4F /* Pokemon.swift in Sources */,
				46CD9D392722525400380E4F /* PokemonCell.swift in Sources */,
				46CD9D3027224DC100380E4F /* AllRounderPokemon.swift in Sources */,
				46CD9D2E27224CDF00380E4F /* SpeedsterPokemon.swift in Sources */,
				46CD9D2927224AFA00380E4F /* PokemonType.swift in Sources */,
				46CD9D3227224E3200380E4F /* DefenderPokemon.swift in Sources */,
				46D0E90E271D6CC00042446C /* AppDelegate.swift in Sources */,
				46D0E910271D6CC00042446C /* SceneDelegate.swift in Sources */,
			);
			runOnlyForDeploymentPostprocessing = 0;
		};
		46D0E91C271D6CC20042446C /* Sources */ = {
			isa = PBXSourcesBuildPhase;
			buildActionMask = 2147483647;
			files = (
				46CD9D3F272263A300380E4F /* PokemonTest.swift in Sources */,
				46008715272421CE00A7C565 /* SampleTest.swift in Sources */,
			);
			runOnlyForDeploymentPostprocessing = 0;
		};
		46D0E927271D6CC20042446C /* Sources */ = {
			isa = PBXSourcesBuildPhase;
			buildActionMask = 2147483647;
			files = (
				46D0E930271D6CC20042446C /* SwiftlintDangerSampleUITests.swift in Sources */,
			);
			runOnlyForDeploymentPostprocessing = 0;
		};
/* End PBXSourcesBuildPhase section */

/* Begin PBXTargetDependency section */
		46D0E922271D6CC20042446C /* PBXTargetDependency */ = {
			isa = PBXTargetDependency;
			target = 46D0E909271D6CC00042446C /* SwiftlintDangerSample */;
			targetProxy = 46D0E921271D6CC20042446C /* PBXContainerItemProxy */;
		};
		46D0E92D271D6CC20042446C /* PBXTargetDependency */ = {
			isa = PBXTargetDependency;
			target = 46D0E909271D6CC00042446C /* SwiftlintDangerSample */;
			targetProxy = 46D0E92C271D6CC20042446C /* PBXContainerItemProxy */;
		};
/* End PBXTargetDependency section */

/* Begin PBXVariantGroup section */
		46D0E913271D6CC00042446C /* Main.storyboard */ = {
			isa = PBXVariantGroup;
			children = (
				46D0E914271D6CC00042446C /* Base */,
			);
			name = Main.storyboard;
			sourceTree = "<group>";
		};
		46D0E918271D6CC10042446C /* LaunchScreen.storyboard */ = {
			isa = PBXVariantGroup;
			children = (
				46D0E919271D6CC10042446C /* Base */,
			);
			name = LaunchScreen.storyboard;
			sourceTree = "<group>";
		};
/* End PBXVariantGroup section */

/* Begin XCBuildConfiguration section */
		46D0E932271D6CC20042446C /* Debug */ = {
			isa = XCBuildConfiguration;
			buildSettings = {
				ALWAYS_SEARCH_USER_PATHS = NO;
				CLANG_ANALYZER_NONNULL = YES;
				CLANG_ANALYZER_NUMBER_OBJECT_CONVERSION = YES_AGGRESSIVE;
				CLANG_CXX_LANGUAGE_STANDARD = "gnu++14";
				CLANG_CXX_LIBRARY = "libc++";
				CLANG_ENABLE_MODULES = YES;
				CLANG_ENABLE_OBJC_ARC = YES;
				CLANG_ENABLE_OBJC_WEAK = YES;
				CLANG_WARN_BLOCK_CAPTURE_AUTORELEASING = YES;
				CLANG_WARN_BOOL_CONVERSION = YES;
				CLANG_WARN_COMMA = YES;
				CLANG_WARN_CONSTANT_CONVERSION = YES;
				CLANG_WARN_DEPRECATED_OBJC_IMPLEMENTATIONS = YES;
				CLANG_WARN_DIRECT_OBJC_ISA_USAGE = YES_ERROR;
				CLANG_WARN_DOCUMENTATION_COMMENTS = YES;
				CLANG_WARN_EMPTY_BODY = YES;
				CLANG_WARN_ENUM_CONVERSION = YES;
				CLANG_WARN_INFINITE_RECURSION = YES;
				CLANG_WARN_INT_CONVERSION = YES;
				CLANG_WARN_NON_LITERAL_NULL_CONVERSION = YES;
				CLANG_WARN_OBJC_IMPLICIT_RETAIN_SELF = YES;
				CLANG_WARN_OBJC_LITERAL_CONVERSION = YES;
				CLANG_WARN_OBJC_ROOT_CLASS = YES_ERROR;
				CLANG_WARN_QUOTED_INCLUDE_IN_FRAMEWORK_HEADER = YES;
				CLANG_WARN_RANGE_LOOP_ANALYSIS = YES;
				CLANG_WARN_STRICT_PROTOTYPES = YES;
				CLANG_WARN_SUSPICIOUS_MOVE = YES;
				CLANG_WARN_UNGUARDED_AVAILABILITY = YES_AGGRESSIVE;
				CLANG_WARN_UNREACHABLE_CODE = YES;
				CLANG_WARN__DUPLICATE_METHOD_MATCH = YES;
				COPY_PHASE_STRIP = NO;
				DEBUG_INFORMATION_FORMAT = dwarf;
				ENABLE_STRICT_OBJC_MSGSEND = YES;
				ENABLE_TESTABILITY = YES;
				GCC_C_LANGUAGE_STANDARD = gnu11;
				GCC_DYNAMIC_NO_PIC = NO;
				GCC_NO_COMMON_BLOCKS = YES;
				GCC_OPTIMIZATION_LEVEL = 0;
				GCC_PREPROCESSOR_DEFINITIONS = (
					"DEBUG=1",
					"$(inherited)",
				);
				GCC_WARN_64_TO_32_BIT_CONVERSION = YES;
				GCC_WARN_ABOUT_RETURN_TYPE = YES_ERROR;
				GCC_WARN_UNDECLARED_SELECTOR = YES;
				GCC_WARN_UNINITIALIZED_AUTOS = YES_AGGRESSIVE;
				GCC_WARN_UNUSED_FUNCTION = YES;
				GCC_WARN_UNUSED_VARIABLE = YES;
				IPHONEOS_DEPLOYMENT_TARGET = 14.5;
				MTL_ENABLE_DEBUG_INFO = INCLUDE_SOURCE;
				MTL_FAST_MATH = YES;
				ONLY_ACTIVE_ARCH = YES;
				SDKROOT = iphoneos;
				SWIFT_ACTIVE_COMPILATION_CONDITIONS = DEBUG;
				SWIFT_OPTIMIZATION_LEVEL = "-Onone";
			};
			name = Debug;
		};
		46D0E933271D6CC20042446C /* Release */ = {
			isa = XCBuildConfiguration;
			buildSettings = {
				ALWAYS_SEARCH_USER_PATHS = NO;
				CLANG_ANALYZER_NONNULL = YES;
				CLANG_ANALYZER_NUMBER_OBJECT_CONVERSION = YES_AGGRESSIVE;
				CLANG_CXX_LANGUAGE_STANDARD = "gnu++14";
				CLANG_CXX_LIBRARY = "libc++";
				CLANG_ENABLE_MODULES = YES;
				CLANG_ENABLE_OBJC_ARC = YES;
				CLANG_ENABLE_OBJC_WEAK = YES;
				CLANG_WARN_BLOCK_CAPTURE_AUTORELEASING = YES;
				CLANG_WARN_BOOL_CONVERSION = YES;
				CLANG_WARN_COMMA = YES;
				CLANG_WARN_CONSTANT_CONVERSION = YES;
				CLANG_WARN_DEPRECATED_OBJC_IMPLEMENTATIONS = YES;
				CLANG_WARN_DIRECT_OBJC_ISA_USAGE = YES_ERROR;
				CLANG_WARN_DOCUMENTATION_COMMENTS = YES;
				CLANG_WARN_EMPTY_BODY = YES;
				CLANG_WARN_ENUM_CONVERSION = YES;
				CLANG_WARN_INFINITE_RECURSION = YES;
				CLANG_WARN_INT_CONVERSION = YES;
				CLANG_WARN_NON_LITERAL_NULL_CONVERSION = YES;
				CLANG_WARN_OBJC_IMPLICIT_RETAIN_SELF = YES;
				CLANG_WARN_OBJC_LITERAL_CONVERSION = YES;
				CLANG_WARN_OBJC_ROOT_CLASS = YES_ERROR;
				CLANG_WARN_QUOTED_INCLUDE_IN_FRAMEWORK_HEADER = YES;
				CLANG_WARN_RANGE_LOOP_ANALYSIS = YES;
				CLANG_WARN_STRICT_PROTOTYPES = YES;
				CLANG_WARN_SUSPICIOUS_MOVE = YES;
				CLANG_WARN_UNGUARDED_AVAILABILITY = YES_AGGRESSIVE;
				CLANG_WARN_UNREACHABLE_CODE = YES;
				CLANG_WARN__DUPLICATE_METHOD_MATCH = YES;
				COPY_PHASE_STRIP = NO;
				DEBUG_INFORMATION_FORMAT = "dwarf-with-dsym";
				ENABLE_NS_ASSERTIONS = NO;
				ENABLE_STRICT_OBJC_MSGSEND = YES;
				GCC_C_LANGUAGE_STANDARD = gnu11;
				GCC_NO_COMMON_BLOCKS = YES;
				GCC_WARN_64_TO_32_BIT_CONVERSION = YES;
				GCC_WARN_ABOUT_RETURN_TYPE = YES_ERROR;
				GCC_WARN_UNDECLARED_SELECTOR = YES;
				GCC_WARN_UNINITIALIZED_AUTOS = YES_AGGRESSIVE;
				GCC_WARN_UNUSED_FUNCTION = YES;
				GCC_WARN_UNUSED_VARIABLE = YES;
				IPHONEOS_DEPLOYMENT_TARGET = 14.5;
				MTL_ENABLE_DEBUG_INFO = NO;
				MTL_FAST_MATH = YES;
				SDKROOT = iphoneos;
				SWIFT_COMPILATION_MODE = wholemodule;
				SWIFT_OPTIMIZATION_LEVEL = "-O";
				VALIDATE_PRODUCT = YES;
			};
			name = Release;
		};
		46D0E935271D6CC20042446C /* Debug */ = {
			isa = XCBuildConfiguration;
			buildSettings = {
				ASSETCATALOG_COMPILER_APPICON_NAME = AppIcon;
				ASSETCATALOG_COMPILER_GLOBAL_ACCENT_COLOR_NAME = AccentColor;
				CODE_SIGN_STYLE = Automatic;
				INFOPLIST_FILE = SwiftlintDangerSample/SupportingFiles/Info.plist;
				LD_RUNPATH_SEARCH_PATHS = (
					"$(inherited)",
					"@executable_path/Frameworks",
				);
				PRODUCT_BUNDLE_IDENTIFIER = didik.com.SwiftlintDangerSample;
				PRODUCT_NAME = "$(TARGET_NAME)";
				SWIFT_VERSION = 5.0;
				TARGETED_DEVICE_FAMILY = "1,2";
			};
			name = Debug;
		};
		46D0E936271D6CC20042446C /* Release */ = {
			isa = XCBuildConfiguration;
			buildSettings = {
				ASSETCATALOG_COMPILER_APPICON_NAME = AppIcon;
				ASSETCATALOG_COMPILER_GLOBAL_ACCENT_COLOR_NAME = AccentColor;
				CODE_SIGN_STYLE = Automatic;
				INFOPLIST_FILE = SwiftlintDangerSample/SupportingFiles/Info.plist;
				LD_RUNPATH_SEARCH_PATHS = (
					"$(inherited)",
					"@executable_path/Frameworks",
				);
				PRODUCT_BUNDLE_IDENTIFIER = didik.com.SwiftlintDangerSample;
				PRODUCT_NAME = "$(TARGET_NAME)";
				SWIFT_VERSION = 5.0;
				TARGETED_DEVICE_FAMILY = "1,2";
			};
			name = Release;
		};
		46D0E938271D6CC20042446C /* Debug */ = {
			isa = XCBuildConfiguration;
			buildSettings = {
				ALWAYS_EMBED_SWIFT_STANDARD_LIBRARIES = YES;
				BUNDLE_LOADER = "$(TEST_HOST)";
				CODE_SIGN_STYLE = Automatic;
				INFOPLIST_FILE = SwiftlintDangerSampleTests/Info.plist;
				IPHONEOS_DEPLOYMENT_TARGET = 14.5;
				LD_RUNPATH_SEARCH_PATHS = (
					"$(inherited)",
					"@executable_path/Frameworks",
					"@loader_path/Frameworks",
				);
				PRODUCT_BUNDLE_IDENTIFIER = didik.com.SwiftlintDangerSampleTests;
				PRODUCT_NAME = "$(TARGET_NAME)";
				SWIFT_VERSION = 5.0;
				TARGETED_DEVICE_FAMILY = "1,2";
				TEST_HOST = "$(BUILT_PRODUCTS_DIR)/SwiftlintDangerSample.app/SwiftlintDangerSample";
			};
			name = Debug;
		};
		46D0E939271D6CC20042446C /* Release */ = {
			isa = XCBuildConfiguration;
			buildSettings = {
				ALWAYS_EMBED_SWIFT_STANDARD_LIBRARIES = YES;
				BUNDLE_LOADER = "$(TEST_HOST)";
				CODE_SIGN_STYLE = Automatic;
				INFOPLIST_FILE = SwiftlintDangerSampleTests/Info.plist;
				IPHONEOS_DEPLOYMENT_TARGET = 14.5;
				LD_RUNPATH_SEARCH_PATHS = (
					"$(inherited)",
					"@executable_path/Frameworks",
					"@loader_path/Frameworks",
				);
				PRODUCT_BUNDLE_IDENTIFIER = didik.com.SwiftlintDangerSampleTests;
				PRODUCT_NAME = "$(TARGET_NAME)";
				SWIFT_VERSION = 5.0;
				TARGETED_DEVICE_FAMILY = "1,2";
				TEST_HOST = "$(BUILT_PRODUCTS_DIR)/SwiftlintDangerSample.app/SwiftlintDangerSample";
			};
			name = Release;
		};
		46D0E93B271D6CC20042446C /* Debug */ = {
			isa = XCBuildConfiguration;
			buildSettings = {
				ALWAYS_EMBED_SWIFT_STANDARD_LIBRARIES = YES;
				CODE_SIGN_STYLE = Automatic;
				INFOPLIST_FILE = SwiftlintDangerSampleUITests/Info.plist;
				LD_RUNPATH_SEARCH_PATHS = (
					"$(inherited)",
					"@executable_path/Frameworks",
					"@loader_path/Frameworks",
				);
				PRODUCT_BUNDLE_IDENTIFIER = didik.com.SwiftlintDangerSampleUITests;
				PRODUCT_NAME = "$(TARGET_NAME)";
				SWIFT_VERSION = 5.0;
				TARGETED_DEVICE_FAMILY = "1,2";
				TEST_TARGET_NAME = SwiftlintDangerSample;
			};
			name = Debug;
		};
		46D0E93C271D6CC20042446C /* Release */ = {
			isa = XCBuildConfiguration;
			buildSettings = {
				ALWAYS_EMBED_SWIFT_STANDARD_LIBRARIES = YES;
				CODE_SIGN_STYLE = Automatic;
				INFOPLIST_FILE = SwiftlintDangerSampleUITests/Info.plist;
				LD_RUNPATH_SEARCH_PATHS = (
					"$(inherited)",
					"@executable_path/Frameworks",
					"@loader_path/Frameworks",
				);
				PRODUCT_BUNDLE_IDENTIFIER = didik.com.SwiftlintDangerSampleUITests;
				PRODUCT_NAME = "$(TARGET_NAME)";
				SWIFT_VERSION = 5.0;
				TARGETED_DEVICE_FAMILY = "1,2";
				TEST_TARGET_NAME = SwiftlintDangerSample;
			};
			name = Release;
		};
/* End XCBuildConfiguration section */

/* Begin XCConfigurationList section */
		46D0E905271D6CC00042446C /* Build configuration list for PBXProject "SwiftlintDangerSample" */ = {
			isa = XCConfigurationList;
			buildConfigurations = (
				46D0E932271D6CC20042446C /* Debug */,
				46D0E933271D6CC20042446C /* Release */,
			);
			defaultConfigurationIsVisible = 0;
			defaultConfigurationName = Release;
		};
		46D0E934271D6CC20042446C /* Build configuration list for PBXNativeTarget "SwiftlintDangerSample" */ = {
			isa = XCConfigurationList;
			buildConfigurations = (
				46D0E935271D6CC20042446C /* Debug */,
				46D0E936271D6CC20042446C /* Release */,
			);
			defaultConfigurationIsVisible = 0;
			defaultConfigurationName = Release;
		};
		46D0E937271D6CC20042446C /* Build configuration list for PBXNativeTarget "SwiftlintDangerSampleTests" */ = {
			isa = XCConfigurationList;
			buildConfigurations = (
				46D0E938271D6CC20042446C /* Debug */,
				46D0E939271D6CC20042446C /* Release */,
			);
			defaultConfigurationIsVisible = 0;
			defaultConfigurationName = Release;
		};
		46D0E93A271D6CC20042446C /* Build configuration list for PBXNativeTarget "SwiftlintDangerSampleUITests" */ = {
			isa = XCConfigurationList;
			buildConfigurations = (
				46D0E93B271D6CC20042446C /* Debug */,
				46D0E93C271D6CC20042446C /* Release */,
			);
			defaultConfigurationIsVisible = 0;
			defaultConfigurationName = Release;
		};
/* End XCConfigurationList section */
	};
	rootObject = 46D0E902271D6CC00042446C /* Project object */;
}
